// !$*UTF8*$!
{
	archiveVersion = 1;
	classes = {
	};
	objectVersion = 46;
	objects = {

/* Begin PBXBuildFile section */
		3593B7A81F573BF900ED10AA /* AnalyticsUnity.mm in Sources */ = {isa = PBXBuildFile; fileRef = 3593B7A71F573BF900ED10AA /* AnalyticsUnity.mm */; };
		3593B7AC1F573C0F00ED10AA /* CustomProperties.mm in Sources */ = {isa = PBXBuildFile; fileRef = 3593B7A91F573C0F00ED10AA /* CustomProperties.mm */; };
		3593B7AD1F573C0F00ED10AA /* AppCenterStarter.m in Sources */ = {isa = PBXBuildFile; fileRef = 3593B7AA1F573C0F00ED10AA /* AppCenterStarter.m */; };
		3593B7AE1F573C0F00ED10AA /* AppCenterUnity.mm in Sources */ = {isa = PBXBuildFile; fileRef = 3593B7AB1F573C0F00ED10AA /* AppCenterUnity.mm */; };
		3593B7BA1F573C4E00ED10AA /* DistributeDelegate.m in Sources */ = {isa = PBXBuildFile; fileRef = 3593B7B61F573C4E00ED10AA /* DistributeDelegate.m */; };
		3593B7BC1F573C4E00ED10AA /* DistributeUnity.mm in Sources */ = {isa = PBXBuildFile; fileRef = 3593B7B81F573C4E00ED10AA /* DistributeUnity.mm */; };
		3593B7BD1F573C4E00ED10AA /* ReleaseDetails.mm in Sources */ = {isa = PBXBuildFile; fileRef = 3593B7B91F573C4E00ED10AA /* ReleaseDetails.mm */; };
		3593B7C21F573C6200ED10AA /* PushDelegate.m in Sources */ = {isa = PBXBuildFile; fileRef = 3593B7BE1F573C6200ED10AA /* PushDelegate.m */; };
		3593B7C41F573C6200ED10AA /* PushNotification.mm in Sources */ = {isa = PBXBuildFile; fileRef = 3593B7C01F573C6200ED10AA /* PushNotification.mm */; };
		3593B7C51F573C6200ED10AA /* PushUnity.mm in Sources */ = {isa = PBXBuildFile; fileRef = 3593B7C11F573C6200ED10AA /* PushUnity.mm */; };
		3593B7CA1F573C9100ED10AA /* NSDateHelper.mm in Sources */ = {isa = PBXBuildFile; fileRef = 3593B7C61F573C9100ED10AA /* NSDateHelper.mm */; };
		3593B7CB1F573C9100ED10AA /* NSNumberHelper.mm in Sources */ = {isa = PBXBuildFile; fileRef = 3593B7C71F573C9100ED10AA /* NSNumberHelper.mm */; };
		3593B7CC1F573C9100ED10AA /* NSStringDictionaryHelper.mm in Sources */ = {isa = PBXBuildFile; fileRef = 3593B7C81F573C9100ED10AA /* NSStringDictionaryHelper.mm */; };
		3593B7CD1F573C9100ED10AA /* NSStringHelper.mm in Sources */ = {isa = PBXBuildFile; fileRef = 3593B7C91F573C9100ED10AA /* NSStringHelper.mm */; };
		6E553B361FE03E8400E87418 /* AppCenterAnalytics.framework in Frameworks */ = {isa = PBXBuildFile; fileRef = 6E553B351FE03E8400E87418 /* AppCenterAnalytics.framework */; };
		6E553B381FE03E9700E87418 /* AppCenter.framework in Frameworks */ = {isa = PBXBuildFile; fileRef = 6E553B371FE03E9700E87418 /* AppCenter.framework */; };
		6E553B3A1FE03EA700E87418 /* AppCenterPush.framework in Frameworks */ = {isa = PBXBuildFile; fileRef = 6E553B391FE03EA700E87418 /* AppCenterPush.framework */; };
		6E553B3C1FE03EBC00E87418 /* AppCenterDistribute.framework in Frameworks */ = {isa = PBXBuildFile; fileRef = 6E553B3B1FE03EBC00E87418 /* AppCenterDistribute.framework */; };
		6ECEA5FF1FD56D2300BF2205 /* CrashesUnity.mm in Sources */ = {isa = PBXBuildFile; fileRef = 6ECEA5FC1FD56D2300BF2205 /* CrashesUnity.mm */; };
		6ECEA6041FD572DB00BF2205 /* AppCenterCrashes.framework in Frameworks */ = {isa = PBXBuildFile; fileRef = 6ECEA6011FD56DF400BF2205 /* AppCenterCrashes.framework */; };
/* End PBXBuildFile section */

/* Begin PBXCopyFilesBuildPhase section */
		35E9FC1B1EFADFDB00556A1F /* Copy Files */ = {
			isa = PBXCopyFilesBuildPhase;
			buildActionMask = 2147483647;
			dstPath = "include/$(PRODUCT_NAME)";
			dstSubfolderSpec = 16;
			files = (
			);
			name = "Copy Files";
			runOnlyForDeploymentPostprocessing = 0;
		};
/* End PBXCopyFilesBuildPhase section */

/* Begin PBXFileReference section */
		3593B78E1F573AC500ED10AA /* iOS */ = {isa = PBXFileReference; lastKnownFileType = folder; name = iOS; path = ../Assets/AppCenter/Plugins/iOS; sourceTree = "<group>"; };
		3593B7911F573B0900ED10AA /* MobileCenter.framework */ = {isa = PBXFileReference; lastKnownFileType = wrapper.framework; name = MobileCenter.framework; path = ../Assets/AppCenter/Plugins/iOS/Core/MobileCenter.framework; sourceTree = "<group>"; };
		3593B79F1F573BB100ED10AA /* MobileCenterAnalytics.framework */ = {isa = PBXFileReference; lastKnownFileType = wrapper.framework; name = MobileCenterAnalytics.framework; path = ../Assets/AppCenter/Plugins/iOS/Analytics/MobileCenterAnalytics.framework; sourceTree = "<group>"; };
		3593B7A31F573BC100ED10AA /* MobileCenterDistribute.framework */ = {isa = PBXFileReference; lastKnownFileType = wrapper.framework; name = MobileCenterDistribute.framework; path = ../Assets/AppCenter/Plugins/iOS/Distribute/MobileCenterDistribute.framework; sourceTree = "<group>"; };
		3593B7A51F573BC800ED10AA /* MobileCenterPush.framework */ = {isa = PBXFileReference; lastKnownFileType = wrapper.framework; name = MobileCenterPush.framework; path = ../Assets/AppCenter/Plugins/iOS/Push/MobileCenterPush.framework; sourceTree = "<group>"; };
		3593B7A71F573BF900ED10AA /* AnalyticsUnity.mm */ = {isa = PBXFileReference; lastKnownFileType = sourcecode.cpp.objcpp; name = AnalyticsUnity.mm; path = ../Assets/AppCenter/Plugins/iOS/Analytics/AnalyticsUnity.mm; sourceTree = "<group>"; };
		3593B7A91F573C0F00ED10AA /* CustomProperties.mm */ = {isa = PBXFileReference; lastKnownFileType = sourcecode.cpp.objcpp; name = CustomProperties.mm; path = ../Assets/AppCenter/Plugins/iOS/Core/CustomProperties.mm; sourceTree = "<group>"; };
		3593B7AA1F573C0F00ED10AA /* AppCenterStarter.m */ = {isa = PBXFileReference; lastKnownFileType = sourcecode.c.objc; name = AppCenterStarter.m; path = ../Assets/AppCenter/Plugins/iOS/Core/AppCenterStarter.m; sourceTree = "<group>"; };
		3593B7AB1F573C0F00ED10AA /* AppCenterUnity.mm */ = {isa = PBXFileReference; lastKnownFileType = sourcecode.cpp.objcpp; name = AppCenterUnity.mm; path = ../Assets/AppCenter/Plugins/iOS/Core/AppCenterUnity.mm; sourceTree = "<group>"; };
		3593B7AF1F573C1300ED10AA /* AnalyticsUnity.mm */ = {isa = PBXFileReference; lastKnownFileType = sourcecode.cpp.objcpp; name = AnalyticsUnity.mm; path = ../Assets/AppCenter/Plugins/iOS/Analytics/AnalyticsUnity.mm; sourceTree = "<group>"; };
		3593B7B61F573C4E00ED10AA /* DistributeDelegate.m */ = {isa = PBXFileReference; lastKnownFileType = sourcecode.c.objc; name = DistributeDelegate.m; path = ../Assets/AppCenter/Plugins/iOS/Distribute/DistributeDelegate.m; sourceTree = "<group>"; };
		3593B7B81F573C4E00ED10AA /* DistributeUnity.mm */ = {isa = PBXFileReference; lastKnownFileType = sourcecode.cpp.objcpp; name = DistributeUnity.mm; path = ../Assets/AppCenter/Plugins/iOS/Distribute/DistributeUnity.mm; sourceTree = "<group>"; };
		3593B7B91F573C4E00ED10AA /* ReleaseDetails.mm */ = {isa = PBXFileReference; lastKnownFileType = sourcecode.cpp.objcpp; name = ReleaseDetails.mm; path = ../Assets/AppCenter/Plugins/iOS/Distribute/ReleaseDetails.mm; sourceTree = "<group>"; };
		3593B7BE1F573C6200ED10AA /* PushDelegate.m */ = {isa = PBXFileReference; lastKnownFileType = sourcecode.c.objc; name = PushDelegate.m; path = ../Assets/AppCenter/Plugins/iOS/Push/PushDelegate.m; sourceTree = "<group>"; };
		3593B7C01F573C6200ED10AA /* PushNotification.mm */ = {isa = PBXFileReference; lastKnownFileType = sourcecode.cpp.objcpp; name = PushNotification.mm; path = ../Assets/AppCenter/Plugins/iOS/Push/PushNotification.mm; sourceTree = "<group>"; };
		3593B7C11F573C6200ED10AA /* PushUnity.mm */ = {isa = PBXFileReference; lastKnownFileType = sourcecode.cpp.objcpp; name = PushUnity.mm; path = ../Assets/AppCenter/Plugins/iOS/Push/PushUnity.mm; sourceTree = "<group>"; };
		3593B7C61F573C9100ED10AA /* NSDateHelper.mm */ = {isa = PBXFileReference; lastKnownFileType = sourcecode.cpp.objcpp; name = NSDateHelper.mm; path = ../Assets/AppCenter/Plugins/iOS/Core/Utility/NSDateHelper.mm; sourceTree = "<group>"; };
		3593B7C71F573C9100ED10AA /* NSNumberHelper.mm */ = {isa = PBXFileReference; lastKnownFileType = sourcecode.cpp.objcpp; name = NSNumberHelper.mm; path = ../Assets/AppCenter/Plugins/iOS/Core/Utility/NSNumberHelper.mm; sourceTree = "<group>"; };
		3593B7C81F573C9100ED10AA /* NSStringDictionaryHelper.mm */ = {isa = PBXFileReference; lastKnownFileType = sourcecode.cpp.objcpp; name = NSStringDictionaryHelper.mm; path = ../Assets/AppCenter/Plugins/iOS/Core/Utility/NSStringDictionaryHelper.mm; sourceTree = "<group>"; };
		3593B7C91F573C9100ED10AA /* NSStringHelper.mm */ = {isa = PBXFileReference; lastKnownFileType = sourcecode.cpp.objcpp; name = NSStringHelper.mm; path = ../Assets/AppCenter/Plugins/iOS/Core/Utility/NSStringHelper.mm; sourceTree = "<group>"; };
		35E9FC1D1EFADFDB00556A1F /* libAppCenterUnityBindings.a */ = {isa = PBXFileReference; explicitFileType = archive.ar; includeInIndex = 0; path = libAppCenterUnityBindings.a; sourceTree = BUILT_PRODUCTS_DIR; };
		6ECEA5FC1FD56D2300BF2205 /* CrashesUnity.mm */ = {isa = PBXFileReference; lastKnownFileType = sourcecode.cpp.objcpp; name = CrashesUnity.mm; path = ../Assets/AppCenter/Plugins/iOS/Crashes/CrashesUnity.mm; sourceTree = "<group>"; };
		6ECEA6011FD56DF400BF2205 /* AppCenterCrashes.framework */ = {isa = PBXFileReference; lastKnownFileType = wrapper.framework; name = AppCenterCrashes.framework; path = ../Assets/AppCenter/Plugins/iOS/Crashes/AppCenterCrashes.framework; sourceTree = "<group>"; };
/* End PBXFileReference section */

/* Begin PBXFrameworksBuildPhase section */
		35E9FC1A1EFADFDB00556A1F /* Frameworks */ = {
			isa = PBXFrameworksBuildPhase;
			buildActionMask = 2147483647;
			files = (
				6E553B3C1FE03EBC00E87418 /* AppCenterDistribute.framework in Frameworks */,
				6E553B3A1FE03EA700E87418 /* AppCenterPush.framework in Frameworks */,
				6E553B381FE03E9700E87418 /* AppCenter.framework in Frameworks */,
				6E553B361FE03E8400E87418 /* AppCenterAnalytics.framework in Frameworks */,
				6ECEA6041FD572DB00BF2205 /* AppCenterCrashes.framework in Frameworks */,
			);
			runOnlyForDeploymentPostprocessing = 0;
		};
/* End PBXFrameworksBuildPhase section */

/* Begin PBXGroup section */
		35E9FBCE1EFADE5A00556A1F = {
			isa = PBXGroup;
			children = (
				6ECEA5FC1FD56D2300BF2205 /* CrashesUnity.mm */,
				3593B7C61F573C9100ED10AA /* NSDateHelper.mm */,
				3593B7C71F573C9100ED10AA /* NSNumberHelper.mm */,
				3593B7C81F573C9100ED10AA /* NSStringDictionaryHelper.mm */,
				3593B7C91F573C9100ED10AA /* NSStringHelper.mm */,
				3593B7BE1F573C6200ED10AA /* PushDelegate.m */,
				3593B7C01F573C6200ED10AA /* PushNotification.mm */,
				3593B7C11F573C6200ED10AA /* PushUnity.mm */,
				3593B7B61F573C4E00ED10AA /* DistributeDelegate.m */,
				3593B7B81F573C4E00ED10AA /* DistributeUnity.mm */,
				3593B7B91F573C4E00ED10AA /* ReleaseDetails.mm */,
				3593B7AF1F573C1300ED10AA /* AnalyticsUnity.mm */,
				3593B7A91F573C0F00ED10AA /* CustomProperties.mm */,
				3593B7AA1F573C0F00ED10AA /* AppCenterStarter.m */,
				3593B7AB1F573C0F00ED10AA /* AppCenterUnity.mm */,
				3593B7A71F573BF900ED10AA /* AnalyticsUnity.mm */,
				3593B78E1F573AC500ED10AA /* iOS */,
				35E9FC1E1EFADFDB00556A1F /* Products */,
				35E9FC271EFADFF500556A1F /* Frameworks */,
			);
			sourceTree = "<group>";
		};
		35E9FC1E1EFADFDB00556A1F /* Products */ = {
			isa = PBXGroup;
			children = (
				35E9FC1D1EFADFDB00556A1F /* libAppCenterUnityBindings.a */,
			);
			name = Products;
			sourceTree = "<group>";
		};
		35E9FC271EFADFF500556A1F /* Frameworks */ = {
			isa = PBXGroup;
			children = (
				6ECEA6011FD56DF400BF2205 /* AppCenterCrashes.framework */,
				3593B7A51F573BC800ED10AA /* MobileCenterPush.framework */,
				3593B7A31F573BC100ED10AA /* MobileCenterDistribute.framework */,
				3593B79F1F573BB100ED10AA /* MobileCenterAnalytics.framework */,
				3593B7911F573B0900ED10AA /* MobileCenter.framework */,
			);
			name = Frameworks;
			sourceTree = "<group>";
		};
/* End PBXGroup section */

/* Begin PBXNativeTarget section */
		35E9FC1C1EFADFDB00556A1F /* AppCenterUnityBindings */ = {
			isa = PBXNativeTarget;
			buildConfigurationList = 35E9FC241EFADFDB00556A1F /* Build configuration list for PBXNativeTarget "AppCenterUnityBindings" */;
			buildPhases = (
				35E9FC191EFADFDB00556A1F /* Sources */,
				35E9FC1A1EFADFDB00556A1F /* Frameworks */,
				35E9FC1B1EFADFDB00556A1F /* Copy Files */,
			);
			buildRules = (
			);
			dependencies = (
			);
			name = AppCenterUnityBindings;
			productName = AppCenterUnityBindings;
			productReference = 35E9FC1D1EFADFDB00556A1F /* libAppCenterUnityBindings.a */;
			productType = "com.apple.product-type.library.static";
		};
/* End PBXNativeTarget section */

/* Begin PBXProject section */
		35E9FBCF1EFADE5A00556A1F /* Project object */ = {
			isa = PBXProject;
			attributes = {
				LastUpgradeCheck = 0830;
				TargetAttributes = {
					35E9FC1C1EFADFDB00556A1F = {
						CreatedOnToolsVersion = 8.3.3;
						ProvisioningStyle = Automatic;
					};
				};
			};
			buildConfigurationList = 35E9FBD21EFADE5A00556A1F /* Build configuration list for PBXProject "AppCenterUnityBindings" */;
			compatibilityVersion = "Xcode 3.2";
			developmentRegion = English;
			hasScannedForEncodings = 0;
			knownRegions = (
				en,
			);
			mainGroup = 35E9FBCE1EFADE5A00556A1F;
			productRefGroup = 35E9FC1E1EFADFDB00556A1F /* Products */;
			projectDirPath = "";
			projectRoot = "";
			targets = (
				35E9FC1C1EFADFDB00556A1F /* AppCenterUnityBindings */,
			);
		};
/* End PBXProject section */

/* Begin PBXSourcesBuildPhase section */
		35E9FC191EFADFDB00556A1F /* Sources */ = {
			isa = PBXSourcesBuildPhase;
			buildActionMask = 2147483647;
			files = (
				6ECEA5FF1FD56D2300BF2205 /* CrashesUnity.mm in Sources */,
				3593B7AC1F573C0F00ED10AA /* CustomProperties.mm in Sources */,
				3593B7A81F573BF900ED10AA /* AnalyticsUnity.mm in Sources */,
				3593B7AD1F573C0F00ED10AA /* AppCenterStarter.m in Sources */,
				3593B7AE1F573C0F00ED10AA /* AppCenterUnity.mm in Sources */,
				3593B7BA1F573C4E00ED10AA /* DistributeDelegate.m in Sources */,
				3593B7BC1F573C4E00ED10AA /* DistributeUnity.mm in Sources */,
				3593B7BD1F573C4E00ED10AA /* ReleaseDetails.mm in Sources */,
				3593B7C21F573C6200ED10AA /* PushDelegate.m in Sources */,
				3593B7CA1F573C9100ED10AA /* NSDateHelper.mm in Sources */,
				3593B7CB1F573C9100ED10AA /* NSNumberHelper.mm in Sources */,
				3593B7CC1F573C9100ED10AA /* NSStringDictionaryHelper.mm in Sources */,
				3593B7CD1F573C9100ED10AA /* NSStringHelper.mm in Sources */,
				3593B7C41F573C6200ED10AA /* PushNotification.mm in Sources */,
				3593B7C51F573C6200ED10AA /* PushUnity.mm in Sources */,
			);
			runOnlyForDeploymentPostprocessing = 0;
		};
/* End PBXSourcesBuildPhase section */

/* Begin XCBuildConfiguration section */
		35E9FBD31EFADE5A00556A1F /* Debug */ = {
			isa = XCBuildConfiguration;
			buildSettings = {
				CLANG_ENABLE_MODULES = YES;
				"FRAMEWORK_SEARCH_PATHS[arch=*]" = (
					"\"$(SRCROOT)/../Assets/AppCenter/Plugins/iOS/Crashes\"",
					"\"$(SRCROOT)/../Assets/AppCenter/Plugins/iOS/Core\"",
					"\"$(SRCROOT)/../Assets/AppCenter/Plugins/iOS/Analytics\"",
					"\"$(SRCROOT)/../Assets/AppCenter/Plugins/iOS/Push\"",
					"\"$(SRCROOT)/../Assets/AppCenter/Plugins/iOS/Distribute\"",
				);
			};
			name = Debug;
		};
		35E9FBD41EFADE5A00556A1F /* Release */ = {
			isa = XCBuildConfiguration;
			buildSettings = {
				CLANG_ENABLE_MODULES = YES;
				"FRAMEWORK_SEARCH_PATHS[arch=*]" = (
					"\"$(SRCROOT)/../Assets/Plugins/iOS/Crashes\"",
					"\"$(SRCROOT)/../Assets/Plugins/iOS/Core\"",
					"\"$(SRCROOT)/../Assets/Plugins/iOS/Analytics\"",
					"\"$(SRCROOT)/../Assets/Plugins/iOS/Push\"",
					"\"$(SRCROOT)/../Assets/Plugins/iOS/Distribute\"",
				);
			};
			name = Release;
		};
		35E9FC251EFADFDB00556A1F /* Debug */ = {
			isa = XCBuildConfiguration;
			buildSettings = {
				ALWAYS_SEARCH_USER_PATHS = NO;
				CLANG_ANALYZER_NONNULL = YES;
				CLANG_ANALYZER_NUMBER_OBJECT_CONVERSION = YES_AGGRESSIVE;
				CLANG_CXX_LANGUAGE_STANDARD = "gnu++0x";
				CLANG_CXX_LIBRARY = "libc++";
				CLANG_ENABLE_MODULES = YES;
				CLANG_ENABLE_OBJC_ARC = YES;
				CLANG_WARN_BOOL_CONVERSION = YES;
				CLANG_WARN_CONSTANT_CONVERSION = YES;
				CLANG_WARN_DIRECT_OBJC_ISA_USAGE = YES_ERROR;
				CLANG_WARN_DOCUMENTATION_COMMENTS = YES;
				CLANG_WARN_EMPTY_BODY = YES;
				CLANG_WARN_ENUM_CONVERSION = YES;
				CLANG_WARN_INFINITE_RECURSION = YES;
				CLANG_WARN_INT_CONVERSION = YES;
				CLANG_WARN_OBJC_ROOT_CLASS = YES_ERROR;
				CLANG_WARN_SUSPICIOUS_MOVE = YES;
				CLANG_WARN_UNREACHABLE_CODE = YES;
				CLANG_WARN__DUPLICATE_METHOD_MATCH = YES;
				"CODE_SIGN_IDENTITY[sdk=iphoneos*]" = "iPhone Developer";
				COPY_PHASE_STRIP = NO;
				DEBUG_INFORMATION_FORMAT = dwarf;
				ENABLE_STRICT_OBJC_MSGSEND = YES;
				ENABLE_TESTABILITY = YES;
				GCC_C_LANGUAGE_STANDARD = gnu99;
				GCC_DYNAMIC_NO_PIC = NO;
				GCC_NO_COMMON_BLOCKS = YES;
				GCC_OPTIMIZATION_LEVEL = 0;
				GCC_PREPROCESSOR_DEFINITIONS = (
					"DEBUG=1",
					"$(inherited)",
				);
				GCC_WARN_64_TO_32_BIT_CONVERSION = YES;
				GCC_WARN_ABOUT_RETURN_TYPE = YES_ERROR;
				GCC_WARN_UNDECLARED_SELECTOR = YES;
				GCC_WARN_UNINITIALIZED_AUTOS = YES_AGGRESSIVE;
				GCC_WARN_UNUSED_FUNCTION = YES;
				GCC_WARN_UNUSED_VARIABLE = YES;
				IPHONEOS_DEPLOYMENT_TARGET = 10.3;
				MTL_ENABLE_DEBUG_INFO = YES;
				ONLY_ACTIVE_ARCH = YES;
				OTHER_LDFLAGS = "-ObjC";
				PRODUCT_NAME = "$(TARGET_NAME)";
				SDKROOT = iphoneos;
				SKIP_INSTALL = YES;
			};
			name = Debug;
		};
		35E9FC261EFADFDB00556A1F /* Release */ = {
			isa = XCBuildConfiguration;
			buildSettings = {
				ALWAYS_SEARCH_USER_PATHS = NO;
				CLANG_ANALYZER_NONNULL = YES;
				CLANG_ANALYZER_NUMBER_OBJECT_CONVERSION = YES_AGGRESSIVE;
				CLANG_CXX_LANGUAGE_STANDARD = "gnu++0x";
				CLANG_CXX_LIBRARY = "libc++";
				CLANG_ENABLE_MODULES = YES;
				CLANG_ENABLE_OBJC_ARC = YES;
				CLANG_WARN_BOOL_CONVERSION = YES;
				CLANG_WARN_CONSTANT_CONVERSION = YES;
				CLANG_WARN_DIRECT_OBJC_ISA_USAGE = YES_ERROR;
				CLANG_WARN_DOCUMENTATION_COMMENTS = YES;
				CLANG_WARN_EMPTY_BODY = YES;
				CLANG_WARN_ENUM_CONVERSION = YES;
				CLANG_WARN_INFINITE_RECURSION = YES;
				CLANG_WARN_INT_CONVERSION = YES;
				CLANG_WARN_OBJC_ROOT_CLASS = YES_ERROR;
				CLANG_WARN_SUSPICIOUS_MOVE = YES;
				CLANG_WARN_UNREACHABLE_CODE = YES;
				CLANG_WARN__DUPLICATE_METHOD_MATCH = YES;
				"CODE_SIGN_IDENTITY[sdk=iphoneos*]" = "iPhone Developer";
				COPY_PHASE_STRIP = NO;
				DEBUG_INFORMATION_FORMAT = "dwarf-with-dsym";
				ENABLE_NS_ASSERTIONS = NO;
				ENABLE_STRICT_OBJC_MSGSEND = YES;
				GCC_C_LANGUAGE_STANDARD = gnu99;
				GCC_NO_COMMON_BLOCKS = YES;
				GCC_WARN_64_TO_32_BIT_CONVERSION = YES;
				GCC_WARN_ABOUT_RETURN_TYPE = YES_ERROR;
				GCC_WARN_UNDECLARED_SELECTOR = YES;
				GCC_WARN_UNINITIALIZED_AUTOS = YES_AGGRESSIVE;
				GCC_WARN_UNUSED_FUNCTION = YES;
				GCC_WARN_UNUSED_VARIABLE = YES;
				IPHONEOS_DEPLOYMENT_TARGET = 10.3;
				MTL_ENABLE_DEBUG_INFO = NO;
				OTHER_LDFLAGS = "-ObjC";
				PRODUCT_NAME = "$(TARGET_NAME)";
				SDKROOT = iphoneos;
				SKIP_INSTALL = YES;
				VALIDATE_PRODUCT = YES;
			};
			name = Release;
		};
/* End XCBuildConfiguration section */

/* Begin XCConfigurationList section */
		35E9FBD21EFADE5A00556A1F /* Build configuration list for PBXProject "AppCenterUnityBindings" */ = {
			isa = XCConfigurationList;
			buildConfigurations = (
				35E9FBD31EFADE5A00556A1F /* Debug */,
				35E9FBD41EFADE5A00556A1F /* Release */,
			);
			defaultConfigurationIsVisible = 0;
			defaultConfigurationName = Release;
		};
		35E9FC241EFADFDB00556A1F /* Build configuration list for PBXNativeTarget "AppCenterUnityBindings" */ = {
			isa = XCConfigurationList;
			buildConfigurations = (
				35E9FC251EFADFDB00556A1F /* Debug */,
				35E9FC261EFADFDB00556A1F /* Release */,
			);
			defaultConfigurationIsVisible = 0;
			defaultConfigurationName = Release;
		};
/* End XCConfigurationList section */
	};
	rootObject = 35E9FBCF1EFADE5A00556A1F /* Project object */;
}
